
Microsoft Visual Studio Solution File, Format Version 12.00
# Visual Studio Version 16
VisualStudioVersion = 16.0.30011.22
MinimumVisualStudioVersion = 10.0.40219.1
Project("{FAE04EC0-301F-11D3-BF4B-00C04F79EFBC}") = "HoneypotDemo", "HoneypotDemo.csproj", "{4F778832-5376-46AA-BD61-9E2E5D933293}"
EndProject
Global
	GlobalSection(SolutionConfigurationPlatforms) = preSolution
		Debug|Any CPU = Debug|Any CPU
		Release|Any CPU = Release|Any CPU
	EndGlobalSection
	GlobalSection(ProjectConfigurationPlatforms) = postSolution
		{4F778832-5376-46AA-BD61-9E2E5D933293}.Debug|Any CPU.ActiveCfg = Debug|Any CPU
		{4F778832-5376-46AA-BD61-9E2E5D933293}.Debug|Any CPU.Build.0 = Debug|Any CPU
		{4F778832-5376-46AA-BD61-9E2E5D933293}.Release|Any CPU.ActiveCfg = Release|Any CPU
		{4F778832-5376-46AA-BD61-9E2E5D933293}.Release|Any CPU.Build.0 = Release|Any CPU
	EndGlobalSection
	GlobalSection(SolutionProperties) = preSolution
		HideSolutionNode = FALSE
	EndGlobalSection
	GlobalSection(ExtensibilityGlobals) = postSolution
		SolutionGuid = {7EA3FE51-15C6-48D4-8C34-6EEF57097C0F}
	EndGlobalSection
EndGlobal
